
Microsoft Visual Studio Solution File, Format Version 12.00
# Visual Studio Version 17
VisualStudioVersion = 17.0.31903.59
MinimumVisualStudioVersion = 10.0.40219.1
Project("{2150E333-8FDC-42A3-9474-1A3956D46DE8}") = "Ch02", "Ch02", "{53C7BBC4-8291-4A57-BDAF-8E572D7C3D5C}"
EndProject
Project("{FAE04EC0-301F-11D3-BF4B-00C04F79EFBC}") = "BasicInterfaces", "Ch02\BasicInterfaces\BasicInterfaces.csproj", "{3B5F213A-74A6-41BF-B2CF-DE277E5E7A7F}"
EndProject
Project("{FAE04EC0-301F-11D3-BF4B-00C04F79EFBC}") = "CastingInterfaces", "Ch02\CastingInterfaces\CastingInterfaces.csproj", "{1017C6A2-A14B-4E6C-AFC9-2E490E013BF9}"
EndProject
Project("{FAE04EC0-301F-11D3-BF4B-00C04F79EFBC}") = "MultipleInterfaces", "Ch02\MultipleInterfaces\MultipleInterfaces.csproj", "{250BD948-ACEC-4A5E-BD01-30E97EB85999}"
EndProject
Project("{FAE04EC0-301F-11D3-BF4B-00C04F79EFBC}") = "ExplicitInterfaces", "Ch02\ExplicitInterfaces\ExplicitInterfaces.csproj", "{03EDC4C2-BBAB-4049-9520-A1D3FA8135D1}"
EndProject
Project("{FAE04EC0-301F-11D3-BF4B-00C04F79EFBC}") = "NETInterfaces", "Ch02\NETInterfaces\NETInterfaces.csproj", "{0A932877-28A2-406E-AE89-0655BCE0D0C4}"
EndProject
Project("{FAE04EC0-301F-11D3-BF4B-00C04F79EFBC}") = "IntfChallengeSolution", "Ch02\IntfChallengeSolution\IntfChallengeSolution.csproj", "{DAEF19F1-3484-4DF2-8568-4E6EC8E13478}"
EndProject
Project("{2150E333-8FDC-42A3-9474-1A3956D46DE8}") = "Ch03", "Ch03", "{732F51F5-66A9-4005-92EB-C417B571927D}"
EndProject
Project("{FAE04EC0-301F-11D3-BF4B-00C04F79EFBC}") = "IntroGenerics", "Ch03\IntroGenerics\IntroGenerics.csproj", "{370AE70F-2D03-40D1-9419-4C99D19E942C}"
EndProject
Project("{FAE04EC0-301F-11D3-BF4B-00C04F79EFBC}") = "GenericList", "Ch03\GenericList\GenericList.csproj", "{AB475DD9-4E64-400C-90B0-B25083B3ADE1}"
EndProject
Project("{FAE04EC0-301F-11D3-BF4B-00C04F79EFBC}") = "StacksQueues", "Ch03\StacksQueues\StacksQueues.csproj", "{ADDFA457-0DEE-4F4D-89F0-3A7C84AAD8B3}"
EndProject
Project("{FAE04EC0-301F-11D3-BF4B-00C04F79EFBC}") = "Dictionaries", "Ch03\Dictionaries\Dictionaries.csproj", "{3B651373-EFBA-444F-9142-BDA26673DAE7}"
EndProject
Global
	GlobalSection(SolutionConfigurationPlatforms) = preSolution
		Debug|Any CPU = Debug|Any CPU
		Release|Any CPU = Release|Any CPU
	EndGlobalSection
	GlobalSection(ProjectConfigurationPlatforms) = postSolution
		{3B5F213A-74A6-41BF-B2CF-DE277E5E7A7F}.Debug|Any CPU.ActiveCfg = Debug|Any CPU
		{3B5F213A-74A6-41BF-B2CF-DE277E5E7A7F}.Debug|Any CPU.Build.0 = Debug|Any CPU
		{3B5F213A-74A6-41BF-B2CF-DE277E5E7A7F}.Release|Any CPU.ActiveCfg = Release|Any CPU
		{3B5F213A-74A6-41BF-B2CF-DE277E5E7A7F}.Release|Any CPU.Build.0 = Release|Any CPU
		{1017C6A2-A14B-4E6C-AFC9-2E490E013BF9}.Debug|Any CPU.ActiveCfg = Debug|Any CPU
		{1017C6A2-A14B-4E6C-AFC9-2E490E013BF9}.Debug|Any CPU.Build.0 = Debug|Any CPU
		{1017C6A2-A14B-4E6C-AFC9-2E490E013BF9}.Release|Any CPU.ActiveCfg = Release|Any CPU
		{1017C6A2-A14B-4E6C-AFC9-2E490E013BF9}.Release|Any CPU.Build.0 = Release|Any CPU
		{250BD948-ACEC-4A5E-BD01-30E97EB85999}.Debug|Any CPU.ActiveCfg = Debug|Any CPU
		{250BD948-ACEC-4A5E-BD01-30E97EB85999}.Debug|Any CPU.Build.0 = Debug|Any CPU
		{250BD948-ACEC-4A5E-BD01-30E97EB85999}.Release|Any CPU.ActiveCfg = Release|Any CPU
		{250BD948-ACEC-4A5E-BD01-30E97EB85999}.Release|Any CPU.Build.0 = Release|Any CPU
		{03EDC4C2-BBAB-4049-9520-A1D3FA8135D1}.Debug|Any CPU.ActiveCfg = Debug|Any CPU
		{03EDC4C2-BBAB-4049-9520-A1D3FA8135D1}.Debug|Any CPU.Build.0 = Debug|Any CPU
		{03EDC4C2-BBAB-4049-9520-A1D3FA8135D1}.Release|Any CPU.ActiveCfg = Release|Any CPU
		{03EDC4C2-BBAB-4049-9520-A1D3FA8135D1}.Release|Any CPU.Build.0 = Release|Any CPU
		{0A932877-28A2-406E-AE89-0655BCE0D0C4}.Debug|Any CPU.ActiveCfg = Debug|Any CPU
		{0A932877-28A2-406E-AE89-0655BCE0D0C4}.Debug|Any CPU.Build.0 = Debug|Any CPU
		{0A932877-28A2-406E-AE89-0655BCE0D0C4}.Release|Any CPU.ActiveCfg = Release|Any CPU
		{0A932877-28A2-406E-AE89-0655BCE0D0C4}.Release|Any CPU.Build.0 = Release|Any CPU
		{DAEF19F1-3484-4DF2-8568-4E6EC8E13478}.Debug|Any CPU.ActiveCfg = Debug|Any CPU
		{DAEF19F1-3484-4DF2-8568-4E6EC8E13478}.Debug|Any CPU.Build.0 = Debug|Any CPU
		{DAEF19F1-3484-4DF2-8568-4E6EC8E13478}.Release|Any CPU.ActiveCfg = Release|Any CPU
		{DAEF19F1-3484-4DF2-8568-4E6EC8E13478}.Release|Any CPU.Build.0 = Release|Any CPU
		{370AE70F-2D03-40D1-9419-4C99D19E942C}.Debug|Any CPU.ActiveCfg = Debug|Any CPU
		{370AE70F-2D03-40D1-9419-4C99D19E942C}.Debug|Any CPU.Build.0 = Debug|Any CPU
		{370AE70F-2D03-40D1-9419-4C99D19E942C}.Release|Any CPU.ActiveCfg = Release|Any CPU
		{370AE70F-2D03-40D1-9419-4C99D19E942C}.Release|Any CPU.Build.0 = Release|Any CPU
		{AB475DD9-4E64-400C-90B0-B25083B3ADE1}.Debug|Any CPU.ActiveCfg = Debug|Any CPU
		{AB475DD9-4E64-400C-90B0-B25083B3ADE1}.Debug|Any CPU.Build.0 = Debug|Any CPU
		{AB475DD9-4E64-400C-90B0-B25083B3ADE1}.Release|Any CPU.ActiveCfg = Release|Any CPU
		{AB475DD9-4E64-400C-90B0-B25083B3ADE1}.Release|Any CPU.Build.0 = Release|Any CPU
		{ADDFA457-0DEE-4F4D-89F0-3A7C84AAD8B3}.Debug|Any CPU.ActiveCfg = Debug|Any CPU
		{ADDFA457-0DEE-4F4D-89F0-3A7C84AAD8B3}.Debug|Any CPU.Build.0 = Debug|Any CPU
		{ADDFA457-0DEE-4F4D-89F0-3A7C84AAD8B3}.Release|Any CPU.ActiveCfg = Release|Any CPU
		{ADDFA457-0DEE-4F4D-89F0-3A7C84AAD8B3}.Release|Any CPU.Build.0 = Release|Any CPU
		{3B651373-EFBA-444F-9142-BDA26673DAE7}.Debug|Any CPU.ActiveCfg = Debug|Any CPU
		{3B651373-EFBA-444F-9142-BDA26673DAE7}.Debug|Any CPU.Build.0 = Debug|Any CPU
		{3B651373-EFBA-444F-9142-BDA26673DAE7}.Release|Any CPU.ActiveCfg = Release|Any CPU
		{3B651373-EFBA-444F-9142-BDA26673DAE7}.Release|Any CPU.Build.0 = Release|Any CPU
	EndGlobalSection
	GlobalSection(SolutionProperties) = preSolution
		HideSolutionNode = FALSE
	EndGlobalSection
	GlobalSection(NestedProjects) = preSolution
		{3B5F213A-74A6-41BF-B2CF-DE277E5E7A7F} = {53C7BBC4-8291-4A57-BDAF-8E572D7C3D5C}
		{1017C6A2-A14B-4E6C-AFC9-2E490E013BF9} = {53C7BBC4-8291-4A57-BDAF-8E572D7C3D5C}
		{250BD948-ACEC-4A5E-BD01-30E97EB85999} = {53C7BBC4-8291-4A57-BDAF-8E572D7C3D5C}
		{03EDC4C2-BBAB-4049-9520-A1D3FA8135D1} = {53C7BBC4-8291-4A57-BDAF-8E572D7C3D5C}
		{0A932877-28A2-406E-AE89-0655BCE0D0C4} = {53C7BBC4-8291-4A57-BDAF-8E572D7C3D5C}
		{DAEF19F1-3484-4DF2-8568-4E6EC8E13478} = {53C7BBC4-8291-4A57-BDAF-8E572D7C3D5C}
		{370AE70F-2D03-40D1-9419-4C99D19E942C} = {732F51F5-66A9-4005-92EB-C417B571927D}
		{AB475DD9-4E64-400C-90B0-B25083B3ADE1} = {732F51F5-66A9-4005-92EB-C417B571927D}
		{ADDFA457-0DEE-4F4D-89F0-3A7C84AAD8B3} = {732F51F5-66A9-4005-92EB-C417B571927D}
		{3B651373-EFBA-444F-9142-BDA26673DAE7} = {732F51F5-66A9-4005-92EB-C417B571927D}
	EndGlobalSection
EndGlobal
